
Microsoft Visual Studio Solution File, Format Version 10.00
# Visual Studio 2008
Project("{FAE04EC0-301F-11D3-BF4B-00C04F79EFBC}") = "et", "et.csproj", "{B25FDE9C-C2E1-4639-B912-B66C4100B36C}"
EndProject
Global
	GlobalSection(SolutionConfigurationPlatforms) = preSolution
		Debug|Any CPU = Debug|Any CPU
		Release|Any CPU = Release|Any CPU
	EndGlobalSection
	GlobalSection(ProjectConfigurationPlatforms) = postSolution
		{B25FDE9C-C2E1-4639-B912-B66C4100B36C}.Debug|Any CPU.ActiveCfg = Debug|Any CPU
		{B25FDE9C-C2E1-4639-B912-B66C4100B36C}.Debug|Any CPU.Build.0 = Debug|Any CPU
		{B25FDE9C-C2E1-4639-B912-B66C4100B36C}.Release|Any CPU.ActiveCfg = Release|Any CPU
		{B25FDE9C-C2E1-4639-B912-B66C4100B36C}.Release|Any CPU.Build.0 = Release|Any CPU
	EndGlobalSection
	GlobalSection(SolutionProperties) = preSolution
		HideSolutionNode = FALSE
	EndGlobalSection
EndGlobal
